// !$*UTF8*$!
{
	archiveVersion = 1;
	classes = {
	};
	objectVersion = 46;
	objects = {

/* Begin PBXBuildFile section */
		188C3B5C1EAF5E5E00884519 /* main.cpp in Sources */ = {isa = PBXBuildFile; fileRef = 188C3B5B1EAF5E5E00884519 /* main.cpp */; };
		188C3B671EAF6EDC00884519 /* tablica.cpp in Sources */ = {isa = PBXBuildFile; fileRef = 188C3B651EAF6EDC00884519 /* tablica.cpp */; };
/* End PBXBuildFile section */

/* Begin PBXCopyFilesBuildPhase section */
		188C3B561EAF5E5D00884519 /* CopyFiles */ = {
			isa = PBXCopyFilesBuildPhase;
			buildActionMask = 2147483647;
			dstPath = /usr/share/man/man1/;
			dstSubfolderSpec = 0;
			files = (
			);
			runOnlyForDeploymentPostprocessing = 1;
		};
/* End PBXCopyFilesBuildPhase section */

/* Begin PBXFileReference section */
		188C3B581EAF5E5E00884519 /* tablice_haszowane */ = {isa = PBXFileReference; explicitFileType = "compiled.mach-o.executable"; includeInIndex = 0; path = tablice_haszowane; sourceTree = BUILT_PRODUCTS_DIR; };
		188C3B5B1EAF5E5E00884519 /* main.cpp */ = {isa = PBXFileReference; lastKnownFileType = sourcecode.cpp.cpp; path = main.cpp; sourceTree = "<group>"; };
		188C3B651EAF6EDC00884519 /* tablica.cpp */ = {isa = PBXFileReference; fileEncoding = 4; lastKnownFileType = sourcecode.cpp.cpp; path = tablica.cpp; sourceTree = "<group>"; };
		188C3B661EAF6EDC00884519 /* tablica.hpp */ = {isa = PBXFileReference; fileEncoding = 4; lastKnownFileType = sourcecode.cpp.h; path = tablica.hpp; sourceTree = "<group>"; };
/* End PBXFileReference section */

/* Begin PBXFrameworksBuildPhase section */
		188C3B551EAF5E5D00884519 /* Frameworks */ = {
			isa = PBXFrameworksBuildPhase;
			buildActionMask = 2147483647;
			files = (
			);
			runOnlyForDeploymentPostprocessing = 0;
		};
/* End PBXFrameworksBuildPhase section */

/* Begin PBXGroup section */
		188C3B4F1EAF5E5D00884519 = {
			isa = PBXGroup;
			children = (
				188C3B5A1EAF5E5E00884519 /* tablice_haszowane */,
				188C3B591EAF5E5E00884519 /* Products */,
			);
			sourceTree = "<group>";
		};
		188C3B591EAF5E5E00884519 /* Products */ = {
			isa = PBXGroup;
			children = (
				188C3B581EAF5E5E00884519 /* tablice_haszowane */,
			);
			name = Products;
			sourceTree = "<group>";
		};
		188C3B5A1EAF5E5E00884519 /* tablice_haszowane */ = {
			isa = PBXGroup;
			children = (
				188C3B5B1EAF5E5E00884519 /* main.cpp */,
				188C3B651EAF6EDC00884519 /* tablica.cpp */,
				188C3B661EAF6EDC00884519 /* tablica.hpp */,
			);
			path = tablice_haszowane;
			sourceTree = "<group>";
		};
/* End PBXGroup section */

/* Begin PBXNativeTarget section */
		188C3B571EAF5E5D00884519 /* tablice_haszowane */ = {
			isa = PBXNativeTarget;
			buildConfigurationList = 188C3B5F1EAF5E5E00884519 /* Build configuration list for PBXNativeTarget "tablice_haszowane" */;
			buildPhases = (
				188C3B541EAF5E5D00884519 /* Sources */,
				188C3B551EAF5E5D00884519 /* Frameworks */,
				188C3B561EAF5E5D00884519 /* CopyFiles */,
			);
			buildRules = (
			);
			dependencies = (
			);
			name = tablice_haszowane;
			productName = tablice_haszowane;
			productReference = 188C3B581EAF5E5E00884519 /* tablice_haszowane */;
			productType = "com.apple.product-type.tool";
		};
/* End PBXNativeTarget section */

/* Begin PBXProject section */
		188C3B501EAF5E5D00884519 /* Project object */ = {
			isa = PBXProject;
			attributes = {
				LastUpgradeCheck = 0820;
				ORGANIZATIONNAME = MacbookSSD;
				TargetAttributes = {
					188C3B571EAF5E5D00884519 = {
						CreatedOnToolsVersion = 8.2.1;
						ProvisioningStyle = Automatic;
					};
				};
			};
			buildConfigurationList = 188C3B531EAF5E5D00884519 /* Build configuration list for PBXProject "tablice_haszowane" */;
			compatibilityVersion = "Xcode 3.2";
			developmentRegion = English;
			hasScannedForEncodings = 0;
			knownRegions = (
				en,
			);
			mainGroup = 188C3B4F1EAF5E5D00884519;
			productRefGroup = 188C3B591EAF5E5E00884519 /* Products */;
			projectDirPath = "";
			projectRoot = "";
			targets = (
				188C3B571EAF5E5D00884519 /* tablice_haszowane */,
			);
		};
/* End PBXProject section */

/* Begin PBXSourcesBuildPhase section */
		188C3B541EAF5E5D00884519 /* Sources */ = {
			isa = PBXSourcesBuildPhase;
			buildActionMask = 2147483647;
			files = (
				188C3B671EAF6EDC00884519 /* tablica.cpp in Sources */,
				188C3B5C1EAF5E5E00884519 /* main.cpp in Sources */,
			);
			runOnlyForDeploymentPostprocessing = 0;
		};
/* End PBXSourcesBuildPhase section */

/* Begin XCBuildConfiguration section */
		188C3B5D1EAF5E5E00884519 /* Debug */ = {
			isa = XCBuildConfiguration;
			buildSettings = {
				ALWAYS_SEARCH_USER_PATHS = NO;
				CLANG_ANALYZER_NONNULL = YES;
				CLANG_CXX_LANGUAGE_STANDARD = "gnu++0x";
				CLANG_CXX_LIBRARY = "libc++";
				CLANG_ENABLE_MODULES = YES;
				CLANG_ENABLE_OBJC_ARC = YES;
				CLANG_WARN_BOOL_CONVERSION = YES;
				CLANG_WARN_CONSTANT_CONVERSION = YES;
				CLANG_WARN_DIRECT_OBJC_ISA_USAGE = YES_ERROR;
				CLANG_WARN_DOCUMENTATION_COMMENTS = YES;
				CLANG_WARN_EMPTY_BODY = YES;
				CLANG_WARN_ENUM_CONVERSION = YES;
				CLANG_WARN_INFINITE_RECURSION = YES;
				CLANG_WARN_INT_CONVERSION = YES;
				CLANG_WARN_OBJC_ROOT_CLASS = YES_ERROR;
				CLANG_WARN_SUSPICIOUS_MOVE = YES;
				CLANG_WARN_UNREACHABLE_CODE = YES;
				CLANG_WARN__DUPLICATE_METHOD_MATCH = YES;
				CODE_SIGN_IDENTITY = "-";
				COPY_PHASE_STRIP = NO;
				DEBUG_INFORMATION_FORMAT = dwarf;
				ENABLE_STRICT_OBJC_MSGSEND = YES;
				ENABLE_TESTABILITY = YES;
				GCC_C_LANGUAGE_STANDARD = gnu99;
				GCC_DYNAMIC_NO_PIC = NO;
				GCC_NO_COMMON_BLOCKS = YES;
				GCC_OPTIMIZATION_LEVEL = 0;
				GCC_PREPROCESSOR_DEFINITIONS = (
					"DEBUG=1",
					"$(inherited)",
				);
				GCC_WARN_64_TO_32_BIT_CONVERSION = YES;
				GCC_WARN_ABOUT_RETURN_TYPE = YES_ERROR;
				GCC_WARN_UNDECLARED_SELECTOR = YES;
				GCC_WARN_UNINITIALIZED_AUTOS = YES_AGGRESSIVE;
				GCC_WARN_UNUSED_FUNCTION = YES;
				GCC_WARN_UNUSED_VARIABLE = YES;
				MACOSX_DEPLOYMENT_TARGET = 10.11;
				MTL_ENABLE_DEBUG_INFO = YES;
				ONLY_ACTIVE_ARCH = YES;
				SDKROOT = macosx;
			};
			name = Debug;
		};
		188C3B5E1EAF5E5E00884519 /* Release */ = {
			isa = XCBuildConfiguration;
			buildSettings = {
				ALWAYS_SEARCH_USER_PATHS = NO;
				CLANG_ANALYZER_NONNULL = YES;
				CLANG_CXX_LANGUAGE_STANDARD = "gnu++0x";
				CLANG_CXX_LIBRARY = "libc++";
				CLANG_ENABLE_MODULES = YES;
				CLANG_ENABLE_OBJC_ARC = YES;
				CLANG_WARN_BOOL_CONVERSION = YES;
				CLANG_WARN_CONSTANT_CONVERSION = YES;
				CLANG_WARN_DIRECT_OBJC_ISA_USAGE = YES_ERROR;
				CLANG_WARN_DOCUMENTATION_COMMENTS = YES;
				CLANG_WARN_EMPTY_BODY = YES;
				CLANG_WARN_ENUM_CONVERSION = YES;
				CLANG_WARN_INFINITE_RECURSION = YES;
				CLANG_WARN_INT_CONVERSION = YES;
				CLANG_WARN_OBJC_ROOT_CLASS = YES_ERROR;
				CLANG_WARN_SUSPICIOUS_MOVE = YES;
				CLANG_WARN_UNREACHABLE_CODE = YES;
				CLANG_WARN__DUPLICATE_METHOD_MATCH = YES;
				CODE_SIGN_IDENTITY = "-";
				COPY_PHASE_STRIP = NO;
				DEBUG_INFORMATION_FORMAT = "dwarf-with-dsym";
				ENABLE_NS_ASSERTIONS = NO;
				ENABLE_STRICT_OBJC_MSGSEND = YES;
				GCC_C_LANGUAGE_STANDARD = gnu99;
				GCC_NO_COMMON_BLOCKS = YES;
				GCC_WARN_64_TO_32_BIT_CONVERSION = YES;
				GCC_WARN_ABOUT_RETURN_TYPE = YES_ERROR;
				GCC_WARN_UNDECLARED_SELECTOR = YES;
				GCC_WARN_UNINITIALIZED_AUTOS = YES_AGGRESSIVE;
				GCC_WARN_UNUSED_FUNCTION = YES;
				GCC_WARN_UNUSED_VARIABLE = YES;
				MACOSX_DEPLOYMENT_TARGET = 10.11;
				MTL_ENABLE_DEBUG_INFO = NO;
				SDKROOT = macosx;
			};
			name = Release;
		};
		188C3B601EAF5E5E00884519 /* Debug */ = {
			isa = XCBuildConfiguration;
			buildSettings = {
				PRODUCT_NAME = "$(TARGET_NAME)";
			};
			name = Debug;
		};
		188C3B611EAF5E5E00884519 /* Release */ = {
			isa = XCBuildConfiguration;
			buildSettings = {
				PRODUCT_NAME = "$(TARGET_NAME)";
			};
			name = Release;
		};
/* End XCBuildConfiguration section */

/* Begin XCConfigurationList section */
		188C3B531EAF5E5D00884519 /* Build configuration list for PBXProject "tablice_haszowane" */ = {
			isa = XCConfigurationList;
			buildConfigurations = (
				188C3B5D1EAF5E5E00884519 /* Debug */,
				188C3B5E1EAF5E5E00884519 /* Release */,
			);
			defaultConfigurationIsVisible = 0;
			defaultConfigurationName = Release;
		};
		188C3B5F1EAF5E5E00884519 /* Build configuration list for PBXNativeTarget "tablice_haszowane" */ = {
			isa = XCConfigurationList;
			buildConfigurations = (
				188C3B601EAF5E5E00884519 /* Debug */,
				188C3B611EAF5E5E00884519 /* Release */,
			);
			defaultConfigurationIsVisible = 0;
			defaultConfigurationName = Release;
		};
/* End XCConfigurationList section */
	};
	rootObject = 188C3B501EAF5E5D00884519 /* Project object */;
}
